
Microsoft Visual Studio Solution File, Format Version 12.00
# Visual Studio 2012
Project("{FAE04EC0-301F-11D3-BF4B-00C04F79EFBC}") = "Parkcalc", "Parkcalc\Parkcalc.csproj", "{E1D5DCD9-8B50-47B7-8151-504DE0409C6A}"
EndProject
Project("{FAE04EC0-301F-11D3-BF4B-00C04F79EFBC}") = "Chorizo", "Chorizo\Chorizo.csproj", "{EF821B7C-03E2-4E39-B341-D02513FD0593}"
EndProject
Global
	GlobalSection(SolutionConfigurationPlatforms) = preSolution
		Debug|Any CPU = Debug|Any CPU
		Release|Any CPU = Release|Any CPU
	EndGlobalSection
	GlobalSection(ProjectConfigurationPlatforms) = postSolution
		{E1D5DCD9-8B50-47B7-8151-504DE0409C6A}.Debug|Any CPU.ActiveCfg = Debug|Any CPU
		{E1D5DCD9-8B50-47B7-8151-504DE0409C6A}.Debug|Any CPU.Build.0 = Debug|Any CPU
		{E1D5DCD9-8B50-47B7-8151-504DE0409C6A}.Release|Any CPU.ActiveCfg = Release|Any CPU
		{E1D5DCD9-8B50-47B7-8151-504DE0409C6A}.Release|Any CPU.Build.0 = Release|Any CPU
		{EF821B7C-03E2-4E39-B341-D02513FD0593}.Debug|Any CPU.ActiveCfg = Debug|Any CPU
		{EF821B7C-03E2-4E39-B341-D02513FD0593}.Debug|Any CPU.Build.0 = Debug|Any CPU
		{EF821B7C-03E2-4E39-B341-D02513FD0593}.Release|Any CPU.ActiveCfg = Release|Any CPU
		{EF821B7C-03E2-4E39-B341-D02513FD0593}.Release|Any CPU.Build.0 = Release|Any CPU
	EndGlobalSection
	GlobalSection(MonoDevelopProperties) = preSolution
		StartupItem = Parkcalc\Parkcalc.csproj
	EndGlobalSection
EndGlobal
